// !$*UTF8*$!
{
	archiveVersion = 1;
	classes = {
	};
	objectVersion = 56;
	objects = {

/* Begin PBXBuildFile section */
		D2244A492CDEA57600E87D6C /* BMK2024App.swift in Sources */ = {isa = PBXBuildFile; fileRef = D2244A482CDEA57600E87D6C /* BMK2024App.swift */; };
		D2244A4B2CDEA57600E87D6C /* ContentView.swift in Sources */ = {isa = PBXBuildFile; fileRef = D2244A4A2CDEA57600E87D6C /* ContentView.swift */; };
		D2244A4D2CDEA57700E87D6C /* Assets.xcassets in Resources */ = {isa = PBXBuildFile; fileRef = D2244A4C2CDEA57700E87D6C /* Assets.xcassets */; };
		D2244A502CDEA57700E87D6C /* Preview Assets.xcassets in Resources */ = {isa = PBXBuildFile; fileRef = D2244A4F2CDEA57700E87D6C /* Preview Assets.xcassets */; };
		D2244A5B2CDEA57800E87D6C /* BMK2024Tests.swift in Sources */ = {isa = PBXBuildFile; fileRef = D2244A5A2CDEA57800E87D6C /* BMK2024Tests.swift */; };
		D2244A652CDEA57800E87D6C /* BMK2024UITests.swift in Sources */ = {isa = PBXBuildFile; fileRef = D2244A642CDEA57800E87D6C /* BMK2024UITests.swift */; };
		D2244A672CDEA57800E87D6C /* BMK2024UITestsLaunchTests.swift in Sources */ = {isa = PBXBuildFile; fileRef = D2244A662CDEA57800E87D6C /* BMK2024UITestsLaunchTests.swift */; };
		D2244A742CDEA70000E87D6C /* location.json in Resources */ = {isa = PBXBuildFile; fileRef = D2244A732CDEA70000E87D6C /* location.json */; };
		D2244A762CDEA76000E87D6C /* util.swift in Sources */ = {isa = PBXBuildFile; fileRef = D2244A752CDEA76000E87D6C /* util.swift */; };
		D2244A782CDEA77D00E87D6C /* FileSearch.swift in Sources */ = {isa = PBXBuildFile; fileRef = D2244A772CDEA77D00E87D6C /* FileSearch.swift */; };
		D2244A7A2CDEA8E400E87D6C /* global.swift in Sources */ = {isa = PBXBuildFile; fileRef = D2244A792CDEA8E400E87D6C /* global.swift */; };
		D2244A812CDEF25900E87D6C /* SQLite in Frameworks */ = {isa = PBXBuildFile; productRef = D2244A802CDEF25900E87D6C /* SQLite */; };
		D2244A832CDEF27A00E87D6C /* db.swift in Sources */ = {isa = PBXBuildFile; fileRef = D2244A822CDEF27A00E87D6C /* db.swift */; };
		D2244A8C2CDFF41000E87D6C /* bmk.db in Resources */ = {isa = PBXBuildFile; fileRef = D2244A8B2CDFF41000E87D6C /* bmk.db */; };
/* End PBXBuildFile section */

/* Begin PBXContainerItemProxy section */
		D2244A572CDEA57800E87D6C /* PBXContainerItemProxy */ = {
			isa = PBXContainerItemProxy;
			containerPortal = D2244A3D2CDEA57600E87D6C /* Project object */;
			proxyType = 1;
			remoteGlobalIDString = D2244A442CDEA57600E87D6C;
			remoteInfo = BMK2024;
		};
		D2244A612CDEA57800E87D6C /* PBXContainerItemProxy */ = {
			isa = PBXContainerItemProxy;
			containerPortal = D2244A3D2CDEA57600E87D6C /* Project object */;
			proxyType = 1;
			remoteGlobalIDString = D2244A442CDEA57600E87D6C;
			remoteInfo = BMK2024;
		};
/* End PBXContainerItemProxy section */

/* Begin PBXFileReference section */
		D2244A452CDEA57600E87D6C /* BMK2024.app */ = {isa = PBXFileReference; explicitFileType = wrapper.application; includeInIndex = 0; path = BMK2024.app; sourceTree = BUILT_PRODUCTS_DIR; };
		D2244A482CDEA57600E87D6C /* BMK2024App.swift */ = {isa = PBXFileReference; lastKnownFileType = sourcecode.swift; path = BMK2024App.swift; sourceTree = "<group>"; };
		D2244A4A2CDEA57600E87D6C /* ContentView.swift */ = {isa = PBXFileReference; lastKnownFileType = sourcecode.swift; path = ContentView.swift; sourceTree = "<group>"; };
		D2244A4C2CDEA57700E87D6C /* Assets.xcassets */ = {isa = PBXFileReference; lastKnownFileType = folder.assetcatalog; path = Assets.xcassets; sourceTree = "<group>"; };
		D2244A4F2CDEA57700E87D6C /* Preview Assets.xcassets */ = {isa = PBXFileReference; lastKnownFileType = folder.assetcatalog; path = "Preview Assets.xcassets"; sourceTree = "<group>"; };
		D2244A512CDEA57700E87D6C /* BMK2024.entitlements */ = {isa = PBXFileReference; lastKnownFileType = text.plist.entitlements; path = BMK2024.entitlements; sourceTree = "<group>"; };
		D2244A562CDEA57800E87D6C /* BMK2024Tests.xctest */ = {isa = PBXFileReference; explicitFileType = wrapper.cfbundle; includeInIndex = 0; path = BMK2024Tests.xctest; sourceTree = BUILT_PRODUCTS_DIR; };
		D2244A5A2CDEA57800E87D6C /* BMK2024Tests.swift */ = {isa = PBXFileReference; lastKnownFileType = sourcecode.swift; path = BMK2024Tests.swift; sourceTree = "<group>"; };
		D2244A602CDEA57800E87D6C /* BMK2024UITests.xctest */ = {isa = PBXFileReference; explicitFileType = wrapper.cfbundle; includeInIndex = 0; path = BMK2024UITests.xctest; sourceTree = BUILT_PRODUCTS_DIR; };
		D2244A642CDEA57800E87D6C /* BMK2024UITests.swift */ = {isa = PBXFileReference; lastKnownFileType = sourcecode.swift; path = BMK2024UITests.swift; sourceTree = "<group>"; };
		D2244A662CDEA57800E87D6C /* BMK2024UITestsLaunchTests.swift */ = {isa = PBXFileReference; lastKnownFileType = sourcecode.swift; path = BMK2024UITestsLaunchTests.swift; sourceTree = "<group>"; };
		D2244A732CDEA70000E87D6C /* location.json */ = {isa = PBXFileReference; fileEncoding = 4; lastKnownFileType = text.json; name = location.json; path = ../../Desktop/location.json; sourceTree = "<group>"; };
		D2244A752CDEA76000E87D6C /* util.swift */ = {isa = PBXFileReference; lastKnownFileType = sourcecode.swift; path = util.swift; sourceTree = "<group>"; };
		D2244A772CDEA77D00E87D6C /* FileSearch.swift */ = {isa = PBXFileReference; lastKnownFileType = sourcecode.swift; path = FileSearch.swift; sourceTree = "<group>"; };
		D2244A792CDEA8E400E87D6C /* global.swift */ = {isa = PBXFileReference; lastKnownFileType = sourcecode.swift; path = global.swift; sourceTree = "<group>"; };
		D2244A822CDEF27A00E87D6C /* db.swift */ = {isa = PBXFileReference; lastKnownFileType = sourcecode.swift; path = db.swift; sourceTree = "<group>"; };
		D2244A8B2CDFF41000E87D6C /* bmk.db */ = {isa = PBXFileReference; lastKnownFileType = file; name = bmk.db; path = ../../bmk.db; sourceTree = "<group>"; };
/* End PBXFileReference section */

/* Begin PBXFrameworksBuildPhase section */
		D2244A422CDEA57600E87D6C /* Frameworks */ = {
			isa = PBXFrameworksBuildPhase;
			buildActionMask = 2147483647;
			files = (
				D2244A812CDEF25900E87D6C /* SQLite in Frameworks */,
			);
			runOnlyForDeploymentPostprocessing = 0;
		};
		D2244A532CDEA57800E87D6C /* Frameworks */ = {
			isa = PBXFrameworksBuildPhase;
			buildActionMask = 2147483647;
			files = (
			);
			runOnlyForDeploymentPostprocessing = 0;
		};
		D2244A5D2CDEA57800E87D6C /* Frameworks */ = {
			isa = PBXFrameworksBuildPhase;
			buildActionMask = 2147483647;
			files = (
			);
			runOnlyForDeploymentPostprocessing = 0;
		};
/* End PBXFrameworksBuildPhase section */

/* Begin PBXGroup section */
		D2244A3C2CDEA57600E87D6C = {
			isa = PBXGroup;
			children = (
				D2244A8B2CDFF41000E87D6C /* bmk.db */,
				D2244A732CDEA70000E87D6C /* location.json */,
				D2244A472CDEA57600E87D6C /* BMK2024 */,
				D2244A592CDEA57800E87D6C /* BMK2024Tests */,
				D2244A632CDEA57800E87D6C /* BMK2024UITests */,
				D2244A462CDEA57600E87D6C /* Products */,
			);
			sourceTree = "<group>";
		};
		D2244A462CDEA57600E87D6C /* Products */ = {
			isa = PBXGroup;
			children = (
				D2244A452CDEA57600E87D6C /* BMK2024.app */,
				D2244A562CDEA57800E87D6C /* BMK2024Tests.xctest */,
				D2244A602CDEA57800E87D6C /* BMK2024UITests.xctest */,
			);
			name = Products;
			sourceTree = "<group>";
		};
		D2244A472CDEA57600E87D6C /* BMK2024 */ = {
			isa = PBXGroup;
			children = (
				D2244A482CDEA57600E87D6C /* BMK2024App.swift */,
				D2244A4A2CDEA57600E87D6C /* ContentView.swift */,
				D2244A4C2CDEA57700E87D6C /* Assets.xcassets */,
				D2244A512CDEA57700E87D6C /* BMK2024.entitlements */,
				D2244A4E2CDEA57700E87D6C /* Preview Content */,
				D2244A752CDEA76000E87D6C /* util.swift */,
				D2244A822CDEF27A00E87D6C /* db.swift */,
				D2244A772CDEA77D00E87D6C /* FileSearch.swift */,
				D2244A792CDEA8E400E87D6C /* global.swift */,
			);
			path = BMK2024;
			sourceTree = "<group>";
		};
		D2244A4E2CDEA57700E87D6C /* Preview Content */ = {
			isa = PBXGroup;
			children = (
				D2244A4F2CDEA57700E87D6C /* Preview Assets.xcassets */,
			);
			path = "Preview Content";
			sourceTree = "<group>";
		};
		D2244A592CDEA57800E87D6C /* BMK2024Tests */ = {
			isa = PBXGroup;
			children = (
				D2244A5A2CDEA57800E87D6C /* BMK2024Tests.swift */,
			);
			path = BMK2024Tests;
			sourceTree = "<group>";
		};
		D2244A632CDEA57800E87D6C /* BMK2024UITests */ = {
			isa = PBXGroup;
			children = (
				D2244A642CDEA57800E87D6C /* BMK2024UITests.swift */,
				D2244A662CDEA57800E87D6C /* BMK2024UITestsLaunchTests.swift */,
			);
			path = BMK2024UITests;
			sourceTree = "<group>";
		};
/* End PBXGroup section */

/* Begin PBXNativeTarget section */
		D2244A442CDEA57600E87D6C /* BMK2024 */ = {
			isa = PBXNativeTarget;
			buildConfigurationList = D2244A6A2CDEA57800E87D6C /* Build configuration list for PBXNativeTarget "BMK2024" */;
			buildPhases = (
				D2244A412CDEA57600E87D6C /* Sources */,
				D2244A422CDEA57600E87D6C /* Frameworks */,
				D2244A432CDEA57600E87D6C /* Resources */,
			);
			buildRules = (
			);
			dependencies = (
			);
			name = BMK2024;
			packageProductDependencies = (
				D2244A802CDEF25900E87D6C /* SQLite */,
			);
			productName = BMK2024;
			productReference = D2244A452CDEA57600E87D6C /* BMK2024.app */;
			productType = "com.apple.product-type.application";
		};
		D2244A552CDEA57800E87D6C /* BMK2024Tests */ = {
			isa = PBXNativeTarget;
			buildConfigurationList = D2244A6D2CDEA57800E87D6C /* Build configuration list for PBXNativeTarget "BMK2024Tests" */;
			buildPhases = (
				D2244A522CDEA57800E87D6C /* Sources */,
				D2244A532CDEA57800E87D6C /* Frameworks */,
				D2244A542CDEA57800E87D6C /* Resources */,
			);
			buildRules = (
			);
			dependencies = (
				D2244A582CDEA57800E87D6C /* PBXTargetDependency */,
			);
			name = BMK2024Tests;
			productName = BMK2024Tests;
			productReference = D2244A562CDEA57800E87D6C /* BMK2024Tests.xctest */;
			productType = "com.apple.product-type.bundle.unit-test";
		};
		D2244A5F2CDEA57800E87D6C /* BMK2024UITests */ = {
			isa = PBXNativeTarget;
			buildConfigurationList = D2244A702CDEA57800E87D6C /* Build configuration list for PBXNativeTarget "BMK2024UITests" */;
			buildPhases = (
				D2244A5C2CDEA57800E87D6C /* Sources */,
				D2244A5D2CDEA57800E87D6C /* Frameworks */,
				D2244A5E2CDEA57800E87D6C /* Resources */,
			);
			buildRules = (
			);
			dependencies = (
				D2244A622CDEA57800E87D6C /* PBXTargetDependency */,
			);
			name = BMK2024UITests;
			productName = BMK2024UITests;
			productReference = D2244A602CDEA57800E87D6C /* BMK2024UITests.xctest */;
			productType = "com.apple.product-type.bundle.ui-testing";
		};
/* End PBXNativeTarget section */

/* Begin PBXProject section */
		D2244A3D2CDEA57600E87D6C /* Project object */ = {
			isa = PBXProject;
			attributes = {
				BuildIndependentTargetsInParallel = 1;
				LastSwiftUpdateCheck = 1510;
				LastUpgradeCheck = 1510;
				TargetAttributes = {
					D2244A442CDEA57600E87D6C = {
						CreatedOnToolsVersion = 15.1;
					};
					D2244A552CDEA57800E87D6C = {
						CreatedOnToolsVersion = 15.1;
						TestTargetID = D2244A442CDEA57600E87D6C;
					};
					D2244A5F2CDEA57800E87D6C = {
						CreatedOnToolsVersion = 15.1;
						TestTargetID = D2244A442CDEA57600E87D6C;
					};
				};
			};
			buildConfigurationList = D2244A402CDEA57600E87D6C /* Build configuration list for PBXProject "BMK2024" */;
			compatibilityVersion = "Xcode 14.0";
			developmentRegion = en;
			hasScannedForEncodings = 0;
			knownRegions = (
				en,
				Base,
			);
			mainGroup = D2244A3C2CDEA57600E87D6C;
			packageReferences = (
				D2244A7F2CDEF25900E87D6C /* XCRemoteSwiftPackageReference "SQLite" */,
			);
			productRefGroup = D2244A462CDEA57600E87D6C /* Products */;
			projectDirPath = "";
			projectRoot = "";
			targets = (
				D2244A442CDEA57600E87D6C /* BMK2024 */,
				D2244A552CDEA57800E87D6C /* BMK2024Tests */,
				D2244A5F2CDEA57800E87D6C /* BMK2024UITests */,
			);
		};
/* End PBXProject section */

/* Begin PBXResourcesBuildPhase section */
		D2244A432CDEA57600E87D6C /* Resources */ = {
			isa = PBXResourcesBuildPhase;
			buildActionMask = 2147483647;
			files = (
				D2244A8C2CDFF41000E87D6C /* bmk.db in Resources */,
				D2244A502CDEA57700E87D6C /* Preview Assets.xcassets in Resources */,
				D2244A742CDEA70000E87D6C /* location.json in Resources */,
				D2244A4D2CDEA57700E87D6C /* Assets.xcassets in Resources */,
			);
			runOnlyForDeploymentPostprocessing = 0;
		};
		D2244A542CDEA57800E87D6C /* Resources */ = {
			isa = PBXResourcesBuildPhase;
			buildActionMask = 2147483647;
			files = (
			);
			runOnlyForDeploymentPostprocessing = 0;
		};
		D2244A5E2CDEA57800E87D6C /* Resources */ = {
			isa = PBXResourcesBuildPhase;
			buildActionMask = 2147483647;
			files = (
			);
			runOnlyForDeploymentPostprocessing = 0;
		};
/* End PBXResourcesBuildPhase section */

/* Begin PBXSourcesBuildPhase section */
		D2244A412CDEA57600E87D6C /* Sources */ = {
			isa = PBXSourcesBuildPhase;
			buildActionMask = 2147483647;
			files = (
				D2244A762CDEA76000E87D6C /* util.swift in Sources */,
				D2244A832CDEF27A00E87D6C /* db.swift in Sources */,
				D2244A782CDEA77D00E87D6C /* FileSearch.swift in Sources */,
				D2244A4B2CDEA57600E87D6C /* ContentView.swift in Sources */,
				D2244A492CDEA57600E87D6C /* BMK2024App.swift in Sources */,
				D2244A7A2CDEA8E400E87D6C /* global.swift in Sources */,
			);
			runOnlyForDeploymentPostprocessing = 0;
		};
		D2244A522CDEA57800E87D6C /* Sources */ = {
			isa = PBXSourcesBuildPhase;
			buildActionMask = 2147483647;
			files = (
				D2244A5B2CDEA57800E87D6C /* BMK2024Tests.swift in Sources */,
			);
			runOnlyForDeploymentPostprocessing = 0;
		};
		D2244A5C2CDEA57800E87D6C /* Sources */ = {
			isa = PBXSourcesBuildPhase;
			buildActionMask = 2147483647;
			files = (
				D2244A652CDEA57800E87D6C /* BMK2024UITests.swift in Sources */,
				D2244A672CDEA57800E87D6C /* BMK2024UITestsLaunchTests.swift in Sources */,
			);
			runOnlyForDeploymentPostprocessing = 0;
		};
/* End PBXSourcesBuildPhase section */

/* Begin PBXTargetDependency section */
		D2244A582CDEA57800E87D6C /* PBXTargetDependency */ = {
			isa = PBXTargetDependency;
			target = D2244A442CDEA57600E87D6C /* BMK2024 */;
			targetProxy = D2244A572CDEA57800E87D6C /* PBXContainerItemProxy */;
		};
		D2244A622CDEA57800E87D6C /* PBXTargetDependency */ = {
			isa = PBXTargetDependency;
			target = D2244A442CDEA57600E87D6C /* BMK2024 */;
			targetProxy = D2244A612CDEA57800E87D6C /* PBXContainerItemProxy */;
		};
/* End PBXTargetDependency section */

/* Begin XCBuildConfiguration section */
		D2244A682CDEA57800E87D6C /* Debug */ = {
			isa = XCBuildConfiguration;
			buildSettings = {
				ALWAYS_SEARCH_USER_PATHS = NO;
				ASSETCATALOG_COMPILER_GENERATE_SWIFT_ASSET_SYMBOL_EXTENSIONS = YES;
				CLANG_ANALYZER_NONNULL = YES;
				CLANG_ANALYZER_NUMBER_OBJECT_CONVERSION = YES_AGGRESSIVE;
				CLANG_CXX_LANGUAGE_STANDARD = "gnu++20";
				CLANG_ENABLE_MODULES = YES;
				CLANG_ENABLE_OBJC_ARC = YES;
				CLANG_ENABLE_OBJC_WEAK = YES;
				CLANG_WARN_BLOCK_CAPTURE_AUTORELEASING = YES;
				CLANG_WARN_BOOL_CONVERSION = YES;
				CLANG_WARN_COMMA = YES;
				CLANG_WARN_CONSTANT_CONVERSION = YES;
				CLANG_WARN_DEPRECATED_OBJC_IMPLEMENTATIONS = YES;
				CLANG_WARN_DIRECT_OBJC_ISA_USAGE = YES_ERROR;
				CLANG_WARN_DOCUMENTATION_COMMENTS = YES;
				CLANG_WARN_EMPTY_BODY = YES;
				CLANG_WARN_ENUM_CONVERSION = YES;
				CLANG_WARN_INFINITE_RECURSION = YES;
				CLANG_WARN_INT_CONVERSION = YES;
				CLANG_WARN_NON_LITERAL_NULL_CONVERSION = YES;
				CLANG_WARN_OBJC_IMPLICIT_RETAIN_SELF = YES;
				CLANG_WARN_OBJC_LITERAL_CONVERSION = YES;
				CLANG_WARN_OBJC_ROOT_CLASS = YES_ERROR;
				CLANG_WARN_QUOTED_INCLUDE_IN_FRAMEWORK_HEADER = YES;
				CLANG_WARN_RANGE_LOOP_ANALYSIS = YES;
				CLANG_WARN_STRICT_PROTOTYPES = YES;
				CLANG_WARN_SUSPICIOUS_MOVE = YES;
				CLANG_WARN_UNGUARDED_AVAILABILITY = YES_AGGRESSIVE;
				CLANG_WARN_UNREACHABLE_CODE = YES;
				CLANG_WARN__DUPLICATE_METHOD_MATCH = YES;
				COPY_PHASE_STRIP = NO;
				DEBUG_INFORMATION_FORMAT = dwarf;
				ENABLE_STRICT_OBJC_MSGSEND = YES;
				ENABLE_TESTABILITY = YES;
				ENABLE_USER_SCRIPT_SANDBOXING = YES;
				GCC_C_LANGUAGE_STANDARD = gnu17;
				GCC_DYNAMIC_NO_PIC = NO;
				GCC_NO_COMMON_BLOCKS = YES;
				GCC_OPTIMIZATION_LEVEL = 0;
				GCC_PREPROCESSOR_DEFINITIONS = (
					"DEBUG=1",
					"$(inherited)",
				);
				GCC_WARN_64_TO_32_BIT_CONVERSION = YES;
				GCC_WARN_ABOUT_RETURN_TYPE = YES_ERROR;
				GCC_WARN_UNDECLARED_SELECTOR = YES;
				GCC_WARN_UNINITIALIZED_AUTOS = YES_AGGRESSIVE;
				GCC_WARN_UNUSED_FUNCTION = YES;
				GCC_WARN_UNUSED_VARIABLE = YES;
				LOCALIZATION_PREFERS_STRING_CATALOGS = YES;
				MACOSX_DEPLOYMENT_TARGET = 14.2;
				MTL_ENABLE_DEBUG_INFO = INCLUDE_SOURCE;
				MTL_FAST_MATH = YES;
				ONLY_ACTIVE_ARCH = YES;
				SDKROOT = macosx;
				SWIFT_ACTIVE_COMPILATION_CONDITIONS = "DEBUG $(inherited)";
				SWIFT_OPTIMIZATION_LEVEL = "-Onone";
			};
			name = Debug;
		};
		D2244A692CDEA57800E87D6C /* Release */ = {
			isa = XCBuildConfiguration;
			buildSettings = {
				ALWAYS_SEARCH_USER_PATHS = NO;
				ASSETCATALOG_COMPILER_GENERATE_SWIFT_ASSET_SYMBOL_EXTENSIONS = YES;
				CLANG_ANALYZER_NONNULL = YES;
				CLANG_ANALYZER_NUMBER_OBJECT_CONVERSION = YES_AGGRESSIVE;
				CLANG_CXX_LANGUAGE_STANDARD = "gnu++20";
				CLANG_ENABLE_MODULES = YES;
				CLANG_ENABLE_OBJC_ARC = YES;
				CLANG_ENABLE_OBJC_WEAK = YES;
				CLANG_WARN_BLOCK_CAPTURE_AUTORELEASING = YES;
				CLANG_WARN_BOOL_CONVERSION = YES;
				CLANG_WARN_COMMA = YES;
				CLANG_WARN_CONSTANT_CONVERSION = YES;
				CLANG_WARN_DEPRECATED_OBJC_IMPLEMENTATIONS = YES;
				CLANG_WARN_DIRECT_OBJC_ISA_USAGE = YES_ERROR;
				CLANG_WARN_DOCUMENTATION_COMMENTS = YES;
				CLANG_WARN_EMPTY_BODY = YES;
				CLANG_WARN_ENUM_CONVERSION = YES;
				CLANG_WARN_INFINITE_RECURSION = YES;
				CLANG_WARN_INT_CONVERSION = YES;
				CLANG_WARN_NON_LITERAL_NULL_CONVERSION = YES;
				CLANG_WARN_OBJC_IMPLICIT_RETAIN_SELF = YES;
				CLANG_WARN_OBJC_LITERAL_CONVERSION = YES;
				CLANG_WARN_OBJC_ROOT_CLASS = YES_ERROR;
				CLANG_WARN_QUOTED_INCLUDE_IN_FRAMEWORK_HEADER = YES;
				CLANG_WARN_RANGE_LOOP_ANALYSIS = YES;
				CLANG_WARN_STRICT_PROTOTYPES = YES;
				CLANG_WARN_SUSPICIOUS_MOVE = YES;
				CLANG_WARN_UNGUARDED_AVAILABILITY = YES_AGGRESSIVE;
				CLANG_WARN_UNREACHABLE_CODE = YES;
				CLANG_WARN__DUPLICATE_METHOD_MATCH = YES;
				COPY_PHASE_STRIP = NO;
				DEBUG_INFORMATION_FORMAT = "dwarf-with-dsym";
				ENABLE_NS_ASSERTIONS = NO;
				ENABLE_STRICT_OBJC_MSGSEND = YES;
				ENABLE_USER_SCRIPT_SANDBOXING = YES;
				GCC_C_LANGUAGE_STANDARD = gnu17;
				GCC_NO_COMMON_BLOCKS = YES;
				GCC_WARN_64_TO_32_BIT_CONVERSION = YES;
				GCC_WARN_ABOUT_RETURN_TYPE = YES_ERROR;
				GCC_WARN_UNDECLARED_SELECTOR = YES;
				GCC_WARN_UNINITIALIZED_AUTOS = YES_AGGRESSIVE;
				GCC_WARN_UNUSED_FUNCTION = YES;
				GCC_WARN_UNUSED_VARIABLE = YES;
				LOCALIZATION_PREFERS_STRING_CATALOGS = YES;
				MACOSX_DEPLOYMENT_TARGET = 14.2;
				MTL_ENABLE_DEBUG_INFO = NO;
				MTL_FAST_MATH = YES;
				SDKROOT = macosx;
				SWIFT_COMPILATION_MODE = wholemodule;
			};
			name = Release;
		};
		D2244A6B2CDEA57800E87D6C /* Debug */ = {
			isa = XCBuildConfiguration;
			buildSettings = {
				ASSETCATALOG_COMPILER_APPICON_NAME = AppIcon;
				ASSETCATALOG_COMPILER_GLOBAL_ACCENT_COLOR_NAME = AccentColor;
				CODE_SIGN_ENTITLEMENTS = BMK2024/BMK2024.entitlements;
				"CODE_SIGN_IDENTITY[sdk=macosx*]" = "Apple Development";
				CODE_SIGN_STYLE = Automatic;
				COMBINE_HIDPI_IMAGES = YES;
				CURRENT_PROJECT_VERSION = 1;
				DEVELOPMENT_ASSET_PATHS = "BMK2024/Preview\\ Content ../../bmk.db";
				DEVELOPMENT_TEAM = 3Y8ZM8MS8G;
				ENABLE_HARDENED_RUNTIME = YES;
				ENABLE_PREVIEWS = YES;
				GENERATE_INFOPLIST_FILE = YES;
				INFOPLIST_KEY_CFBundleDisplayName = bmk2025;
				INFOPLIST_KEY_LSApplicationCategoryType = "public.app-category.developer-tools";
				INFOPLIST_KEY_NSHumanReadableCopyright = "";
				LD_RUNPATH_SEARCH_PATHS = (
					"$(inherited)",
					"@executable_path/../Frameworks",
				);
				MARKETING_VERSION = 1.0;
				PRODUCT_BUNDLE_IDENTIFIER = "Com.scott-xiong";
				PRODUCT_NAME = "$(TARGET_NAME)";
				SWIFT_EMIT_LOC_STRINGS = YES;
				SWIFT_VERSION = 5.0;
			};
			name = Debug;
		};
		D2244A6C2CDEA57800E87D6C /* Release */ = {
			isa = XCBuildConfiguration;
			buildSettings = {
				ASSETCATALOG_COMPILER_APPICON_NAME = AppIcon;
				ASSETCATALOG_COMPILER_GLOBAL_ACCENT_COLOR_NAME = AccentColor;
				CODE_SIGN_ENTITLEMENTS = BMK2024/BMK2024.entitlements;
				"CODE_SIGN_IDENTITY[sdk=macosx*]" = "Apple Development";
				CODE_SIGN_STYLE = Automatic;
				COMBINE_HIDPI_IMAGES = YES;
				CURRENT_PROJECT_VERSION = 1;
				DEVELOPMENT_ASSET_PATHS = "BMK2024/Preview\\ Content ../../bmk.db";
				DEVELOPMENT_TEAM = 3Y8ZM8MS8G;
				ENABLE_HARDENED_RUNTIME = YES;
				ENABLE_PREVIEWS = YES;
				GENERATE_INFOPLIST_FILE = YES;
				INFOPLIST_KEY_CFBundleDisplayName = bmk2025;
				INFOPLIST_KEY_LSApplicationCategoryType = "public.app-category.developer-tools";
				INFOPLIST_KEY_NSHumanReadableCopyright = "";
				LD_RUNPATH_SEARCH_PATHS = (
					"$(inherited)",
					"@executable_path/../Frameworks",
				);
				MARKETING_VERSION = 1.0;
				PRODUCT_BUNDLE_IDENTIFIER = "Com.scott-xiong";
				PRODUCT_NAME = "$(TARGET_NAME)";
				SWIFT_EMIT_LOC_STRINGS = YES;
				SWIFT_VERSION = 5.0;
			};
			name = Release;
		};
		D2244A6E2CDEA57800E87D6C /* Debug */ = {
			isa = XCBuildConfiguration;
			buildSettings = {
				ALWAYS_EMBED_SWIFT_STANDARD_LIBRARIES = YES;
				BUNDLE_LOADER = "$(TEST_HOST)";
				CODE_SIGN_STYLE = Automatic;
				CURRENT_PROJECT_VERSION = 1;
				GENERATE_INFOPLIST_FILE = YES;
				MACOSX_DEPLOYMENT_TARGET = 14.2;
				MARKETING_VERSION = 1.0;
				PRODUCT_BUNDLE_IDENTIFIER = "com.scott-xiong.BMK2024Tests";
				PRODUCT_NAME = "$(TARGET_NAME)";
				SWIFT_EMIT_LOC_STRINGS = NO;
				SWIFT_VERSION = 5.0;
				TEST_HOST = "$(BUILT_PRODUCTS_DIR)/BMK2024.app/$(BUNDLE_EXECUTABLE_FOLDER_PATH)/BMK2024";
			};
			name = Debug;
		};
		D2244A6F2CDEA57800E87D6C /* Release */ = {
			isa = XCBuildConfiguration;
			buildSettings = {
				ALWAYS_EMBED_SWIFT_STANDARD_LIBRARIES = YES;
				BUNDLE_LOADER = "$(TEST_HOST)";
				CODE_SIGN_STYLE = Automatic;
				CURRENT_PROJECT_VERSION = 1;
				GENERATE_INFOPLIST_FILE = YES;
				MACOSX_DEPLOYMENT_TARGET = 14.2;
				MARKETING_VERSION = 1.0;
				PRODUCT_BUNDLE_IDENTIFIER = "com.scott-xiong.BMK2024Tests";
				PRODUCT_NAME = "$(TARGET_NAME)";
				SWIFT_EMIT_LOC_STRINGS = NO;
				SWIFT_VERSION = 5.0;
				TEST_HOST = "$(BUILT_PRODUCTS_DIR)/BMK2024.app/$(BUNDLE_EXECUTABLE_FOLDER_PATH)/BMK2024";
			};
			name = Release;
		};
		D2244A712CDEA57800E87D6C /* Debug */ = {
			isa = XCBuildConfiguration;
			buildSettings = {
				ALWAYS_EMBED_SWIFT_STANDARD_LIBRARIES = YES;
				CODE_SIGN_STYLE = Automatic;
				CURRENT_PROJECT_VERSION = 1;
				GENERATE_INFOPLIST_FILE = YES;
				MARKETING_VERSION = 1.0;
				PRODUCT_BUNDLE_IDENTIFIER = "com.scott-xiong.BMK2024UITests";
				PRODUCT_NAME = "$(TARGET_NAME)";
				SWIFT_EMIT_LOC_STRINGS = NO;
				SWIFT_VERSION = 5.0;
				TEST_TARGET_NAME = BMK2024;
			};
			name = Debug;
		};
		D2244A722CDEA57800E87D6C /* Release */ = {
			isa = XCBuildConfiguration;
			buildSettings = {
				ALWAYS_EMBED_SWIFT_STANDARD_LIBRARIES = YES;
				CODE_SIGN_STYLE = Automatic;
				CURRENT_PROJECT_VERSION = 1;
				GENERATE_INFOPLIST_FILE = YES;
				MARKETING_VERSION = 1.0;
				PRODUCT_BUNDLE_IDENTIFIER = "com.scott-xiong.BMK2024UITests";
				PRODUCT_NAME = "$(TARGET_NAME)";
				SWIFT_EMIT_LOC_STRINGS = NO;
				SWIFT_VERSION = 5.0;
				TEST_TARGET_NAME = BMK2024;
			};
			name = Release;
		};
/* End XCBuildConfiguration section */

/* Begin XCConfigurationList section */
		D2244A402CDEA57600E87D6C /* Build configuration list for PBXProject "BMK2024" */ = {
			isa = XCConfigurationList;
			buildConfigurations = (
				D2244A682CDEA57800E87D6C /* Debug */,
				D2244A692CDEA57800E87D6C /* Release */,
			);
			defaultConfigurationIsVisible = 0;
			defaultConfigurationName = Release;
		};
		D2244A6A2CDEA57800E87D6C /* Build configuration list for PBXNativeTarget "BMK2024" */ = {
			isa = XCConfigurationList;
			buildConfigurations = (
				D2244A6B2CDEA57800E87D6C /* Debug */,
				D2244A6C2CDEA57800E87D6C /* Release */,
			);
			defaultConfigurationIsVisible = 0;
			defaultConfigurationName = Release;
		};
		D2244A6D2CDEA57800E87D6C /* Build configuration list for PBXNativeTarget "BMK2024Tests" */ = {
			isa = XCConfigurationList;
			buildConfigurations = (
				D2244A6E2CDEA57800E87D6C /* Debug */,
				D2244A6F2CDEA57800E87D6C /* Release */,
			);
			defaultConfigurationIsVisible = 0;
			defaultConfigurationName = Release;
		};
		D2244A702CDEA57800E87D6C /* Build configuration list for PBXNativeTarget "BMK2024UITests" */ = {
			isa = XCConfigurationList;
			buildConfigurations = (
				D2244A712CDEA57800E87D6C /* Debug */,
				D2244A722CDEA57800E87D6C /* Release */,
			);
			defaultConfigurationIsVisible = 0;
			defaultConfigurationName = Release;
		};
/* End XCConfigurationList section */

/* Begin XCRemoteSwiftPackageReference section */
		D2244A7F2CDEF25900E87D6C /* XCRemoteSwiftPackageReference "SQLite" */ = {
			isa = XCRemoteSwiftPackageReference;
			repositoryURL = "https://github.com/stephencelis/SQLite.swift";
			requirement = {
				kind = upToNextMajorVersion;
				minimumVersion = 0.15.3;
			};
		};
/* End XCRemoteSwiftPackageReference section */

/* Begin XCSwiftPackageProductDependency section */
		D2244A802CDEF25900E87D6C /* SQLite */ = {
			isa = XCSwiftPackageProductDependency;
			package = D2244A7F2CDEF25900E87D6C /* XCRemoteSwiftPackageReference "SQLite" */;
			productName = SQLite;
		};
/* End XCSwiftPackageProductDependency section */
	};
	rootObject = D2244A3D2CDEA57600E87D6C /* Project object */;
}
